
Microsoft Visual Studio Solution File, Format Version 12.00
# Visual Studio Version 17
VisualStudioVersion = 17.12.35514.174
MinimumVisualStudioVersion = 10.0.40219.1
Project("{FAE04EC0-301F-11D3-BF4B-00C04F79EFBC}") = "DataGenerator", "DataGenerator\DataGenerator.csproj", "{CF3C713F-BFC7-4441-BE80-C86D82FDA7F9}"
EndProject
Project("{FAE04EC0-301F-11D3-BF4B-00C04F79EFBC}") = "MainApplication", "MainApplication\MainApplication.csproj", "{8A771ADF-559A-4813-88CD-5B5D6F48064B}"
EndProject
Project("{2150E333-8FDC-42A3-9474-1A3956D46DE8}") = "Solution Items", "Solution Items", "{537D485C-061D-4580-8ECD-98F6322DC6BA}"
	ProjectSection(SolutionItems) = preProject
		docker-compose.yml = docker-compose.yml
		mosquitto.conf = mosquitto.conf
	EndProjectSection
EndProject
Project("{2150E333-8FDC-42A3-9474-1A3956D46DE8}") = "contracts", "contracts", "{5894E714-DBE2-4F07-B872-3B563F6C4131}"
	ProjectSection(SolutionItems) = preProject
		SensorToken.sol = SensorToken.sol
	EndProjectSection
EndProject
Global
	GlobalSection(SolutionConfigurationPlatforms) = preSolution
		Debug|Any CPU = Debug|Any CPU
		Release|Any CPU = Release|Any CPU
	EndGlobalSection
	GlobalSection(ProjectConfigurationPlatforms) = postSolution
		{CF3C713F-BFC7-4441-BE80-C86D82FDA7F9}.Debug|Any CPU.ActiveCfg = Debug|Any CPU
		{CF3C713F-BFC7-4441-BE80-C86D82FDA7F9}.Debug|Any CPU.Build.0 = Debug|Any CPU
		{CF3C713F-BFC7-4441-BE80-C86D82FDA7F9}.Release|Any CPU.ActiveCfg = Release|Any CPU
		{CF3C713F-BFC7-4441-BE80-C86D82FDA7F9}.Release|Any CPU.Build.0 = Release|Any CPU
		{8A771ADF-559A-4813-88CD-5B5D6F48064B}.Debug|Any CPU.ActiveCfg = Debug|Any CPU
		{8A771ADF-559A-4813-88CD-5B5D6F48064B}.Debug|Any CPU.Build.0 = Debug|Any CPU
		{8A771ADF-559A-4813-88CD-5B5D6F48064B}.Release|Any CPU.ActiveCfg = Release|Any CPU
		{8A771ADF-559A-4813-88CD-5B5D6F48064B}.Release|Any CPU.Build.0 = Release|Any CPU
	EndGlobalSection
	GlobalSection(SolutionProperties) = preSolution
		HideSolutionNode = FALSE
	EndGlobalSection
	GlobalSection(NestedProjects) = preSolution
		{5894E714-DBE2-4F07-B872-3B563F6C4131} = {537D485C-061D-4580-8ECD-98F6322DC6BA}
	EndGlobalSection
EndGlobal
